<Solution>
  <Project Path="LedgerFlowWeb.Frontend/ledgerflowweb.frontend.esproj">
    <Build />
    <Deploy />
  </Project>
  <Project Path="src/LedgerFlowWeb.Api/LedgerFlowWeb.Api.csproj" />
  <Project Path="src/LedgerFlowWeb.Domain/LedgerFlowWeb.Domain.csproj" />
  <Project Path="src/LedgerFlowWeb.Infrastructure/LedgerFlowWeb.Infrastructure.csproj" />
</Solution>
